
Microsoft Visual Studio Solution File, Format Version 12.00
# Visual Studio 15
VisualStudioVersion = 15.0.27130.2010
MinimumVisualStudioVersion = 10.0.40219.1
Project("{8BC9CEB8-8B4A-11D0-8D11-00A0C91BC942}") = "Pig_latin", "Pig_latin\Pig_latin.vcxproj", "{8EADD8EB-7B4A-45E3-9277-65C0E02FB5F0}"
EndProject
Global
	GlobalSection(SolutionConfigurationPlatforms) = preSolution
		Debug|x64 = Debug|x64
		Debug|x86 = Debug|x86
		Release|x64 = Release|x64
		Release|x86 = Release|x86
	EndGlobalSection
	GlobalSection(ProjectConfigurationPlatforms) = postSolution
		{8EADD8EB-7B4A-45E3-9277-65C0E02FB5F0}.Debug|x64.ActiveCfg = Debug|x64
		{8EADD8EB-7B4A-45E3-9277-65C0E02FB5F0}.Debug|x64.Build.0 = Debug|x64
		{8EADD8EB-7B4A-45E3-9277-65C0E02FB5F0}.Debug|x86.ActiveCfg = Debug|Win32
		{8EADD8EB-7B4A-45E3-9277-65C0E02FB5F0}.Debug|x86.Build.0 = Debug|Win32
		{8EADD8EB-7B4A-45E3-9277-65C0E02FB5F0}.Release|x64.ActiveCfg = Release|x64
		{8EADD8EB-7B4A-45E3-9277-65C0E02FB5F0}.Release|x64.Build.0 = Release|x64
		{8EADD8EB-7B4A-45E3-9277-65C0E02FB5F0}.Release|x86.ActiveCfg = Release|Win32
		{8EADD8EB-7B4A-45E3-9277-65C0E02FB5F0}.Release|x86.Build.0 = Release|Win32
	EndGlobalSection
	GlobalSection(SolutionProperties) = preSolution
		HideSolutionNode = FALSE
	EndGlobalSection
	GlobalSection(ExtensibilityGlobals) = postSolution
		SolutionGuid = {128E0E7B-85CB-49C2-8333-F96320D8F331}
	EndGlobalSection
EndGlobal
